<Solution>
  <Folder Name="/src/">
    <Project Path="src/Ashlar/Ashlar.csproj" />
    <Project Path="src/Ashlar.ProviderContracts/Ashlar.ProviderContracts.csproj" />
    <Project Path="src/Ashlar.AspNetCore/Ashlar.AspNetCore.csproj" />
    <Project Path="src/Ashlar.Email.Smtp/Ashlar.Email.Smtp.csproj" />
    <Project Path="src/Ashlar.OAuth/Ashlar.OAuth.csproj" />
    <Project Path="src/Ashlar.Observability/Ashlar.Observability.csproj" />
    <Project Path="src/Ashlar.Passkeys/Ashlar.Passkeys.csproj" />
    <Project Path="src/Ashlar.Postgres/Ashlar.Postgres.csproj" />
    <Project Path="src/Ashlar.Redis/Ashlar.Redis.csproj" />
    <Project Path="src/Ashlar.Sqlite/Ashlar.Sqlite.csproj" />
    <Project Path="src/Ashlar.Webhooks/Ashlar.Webhooks.csproj" />
  </Folder>
  <Folder Name="/tests/">
    <Project Path="tests/Ashlar.Testing/Ashlar.Testing.csproj" />
    <Project Path="tests/Ashlar.ProviderContractTests/Ashlar.ProviderContractTests.csproj" />
    <Project Path="tests/Ashlar.Tests/Ashlar.Tests.csproj" />
    <Project Path="tests/Ashlar.AspNetCore.Tests/Ashlar.AspNetCore.Tests.csproj" />
    <Project Path="tests/Ashlar.Email.Smtp.Tests/Ashlar.Email.Smtp.Tests.csproj" />
    <Project Path="tests/Ashlar.OAuth.Tests/Ashlar.OAuth.Tests.csproj" />
    <Project Path="tests/Ashlar.Observability.Tests/Ashlar.Observability.Tests.csproj" />
    <Project Path="tests/Ashlar.Passkeys.Tests/Ashlar.Passkeys.Tests.csproj" />
    <Project Path="tests/Ashlar.Postgres.Tests/Ashlar.Postgres.Tests.csproj" />
    <Project Path="tests/Ashlar.Redis.Tests/Ashlar.Redis.Tests.csproj" />
    <Project Path="tests/Ashlar.Sqlite.Tests/Ashlar.Sqlite.Tests.csproj" />
    <Project Path="tests/Ashlar.Webhooks.Tests/Ashlar.Webhooks.Tests.csproj" />
  </Folder>
  <Folder Name="/samples/">
    <Project Path="samples/Ashlar.Sample.AspNetCore/Ashlar.Sample.AspNetCore.csproj" />
  </Folder>
</Solution>
